
Microsoft Visual Studio Solution File, Format Version 12.00
# Visual Studio Version 16
VisualStudioVersion = 16.0.810.25
MinimumVisualStudioVersion = 10.0.40219.1
Project("{FAE04EC0-301F-11D3-BF4B-00C04F79EFBC}") = "master-design-pattern", "master-design-pattern.csproj", "{A65520C3-7652-4F08-91D0-B329B363787E}"
EndProject
Global
	GlobalSection(SolutionConfigurationPlatforms) = preSolution
		Debug|Any CPU = Debug|Any CPU
		Release|Any CPU = Release|Any CPU
	EndGlobalSection
	GlobalSection(ProjectConfigurationPlatforms) = postSolution
		{A65520C3-7652-4F08-91D0-B329B363787E}.Debug|Any CPU.ActiveCfg = Debug|Any CPU
		{A65520C3-7652-4F08-91D0-B329B363787E}.Debug|Any CPU.Build.0 = Debug|Any CPU
		{A65520C3-7652-4F08-91D0-B329B363787E}.Release|Any CPU.ActiveCfg = Release|Any CPU
		{A65520C3-7652-4F08-91D0-B329B363787E}.Release|Any CPU.Build.0 = Release|Any CPU
	EndGlobalSection
	GlobalSection(SolutionProperties) = preSolution
		HideSolutionNode = FALSE
	EndGlobalSection
	GlobalSection(ExtensibilityGlobals) = postSolution
		SolutionGuid = {24097B2F-00F7-4D3D-8FDB-D118445A0444}
	EndGlobalSection
EndGlobal
